{
  "version": "5",
  "specifiers": {
    "npm:bash-language-server@*": "5.6.0",
    "npm:bash-language-server@5.6.0": "5.6.0",
    "npm:vscode-langservers-extracted@*": "4.10.0"
  },
  "npm": {
    "@mixmark-io/domino@2.2.0": {
      "integrity": "sha512-Y28PR25bHXUg88kCV7nivXrP2Nj2RueZ3/l/jdx6J9f8J4nsEGcgX0Qe6lt7Pa+J79+kPiJU3LguR6O/6zrLOw=="
    },
    "@nodelib/fs.scandir@2.1.5": {
      "integrity": "sha512-vq24Bq3ym5HEQm2NKCr3yXDwjc7vTsEThRDnkp2DK9p1uqLR+DHurm/NOTo0KG7HYHU7eppKZj3MyqYuMBf62g==",
      "dependencies": [
        "@nodelib/fs.stat",
        "run-parallel"
      ]
    },
    "@nodelib/fs.stat@2.0.5": {
      "integrity": "sha512-RkhPPp2zrqDAQA/2jNhnztcPAlv64XdhIp7a7454A5ovI7Bukxgt7MX7udwAu3zg1DcpPU0rz3VV1SeaqvY4+A=="
    },
    "@nodelib/fs.walk@1.2.8": {
      "integrity": "sha512-oGB+UxlgWcgQkgwo8GcEGwemoTFt3FIO9ababBmaGwXIoBKZ+GTy0pP185beGg7Llih/NSHSV2XAs1lnznocSg==",
      "dependencies": [
        "@nodelib/fs.scandir",
        "fastq"
      ]
    },
    "@one-ini/wasm@0.2.0": {
      "integrity": "sha512-n+L/BvrwKUn7q5O3wHGo+CJZAqfewh38+37sk+eBzv/39lM9pPgPRd4sOZRvSRzo0ukLxzyXso4WlGj2oKZ5hA=="
    },
    "@vscode/l10n@0.0.10": {
      "integrity": "sha512-E1OCmDcDWa0Ya7vtSjp/XfHFGqYJfh+YPC1RkATU71fTac+j1JjCcB3qwSzmlKAighx2WxhLlfhS0RwAN++PFQ=="
    },
    "@vscode/l10n@0.0.18": {
      "integrity": "sha512-KYSIHVmslkaCDyw013pphY+d7x1qV8IZupYfeIfzNA+nsaWHbn5uPuQRvdRFsa9zFzGeudPuoGoZ1Op4jrJXIQ=="
    },
    "balanced-match@1.0.2": {
      "integrity": "sha512-3oSeUO0TMV67hN1AmbXsK4yaqU7tjiHlbxRDZOpH0KW9+CeX4bRAaX0Anxt0tx2MrpRpWwQaPwIlISEJhYU5Pw=="
    },
    "bash-language-server@5.6.0": {
      "integrity": "sha512-DCuV+/BZAAozsp5blvi6jDnU/ZDaTpJpWM0zqwGjnirfqv7iBsMK32xOze/jipxU0PUZ6CBUKgRUMKI7Kk70Lg==",
      "dependencies": [
        "editorconfig",
        "fast-glob",
        "fuzzy-search",
        "node-fetch",
        "turndown",
        "vscode-languageserver@8.0.2",
        "vscode-languageserver-textdocument",
        "web-tree-sitter",
        "zod"
      ],
      "bin": true
    },
    "boolbase@1.0.0": {
      "integrity": "sha512-JZOSA7Mo9sNGB8+UjSgzdLtokWAky1zbztM3WRLCbZ70/3cTANmQmOdR7y2g+J0e2WXywy1yS468tY+IruqEww=="
    },
    "brace-expansion@2.0.2": {
      "integrity": "sha512-Jt0vHyM+jmUBqojB7E1NIYadt0vI0Qxjxd2TErW94wDz+E2LAm5vKMXXwg6ZZBTHPuUlDgQHKXvjGBdfcF1ZDQ==",
      "dependencies": [
        "balanced-match"
      ]
    },
    "braces@3.0.3": {
      "integrity": "sha512-yQbXgO/OSZVD2IsiLlro+7Hf6Q18EJrKSEsdoMzKePKXct3gvD8oLcOQdIzGupr5Fj+EDe8gO/lxc1BzfMpxvA==",
      "dependencies": [
        "fill-range"
      ]
    },
    "commander@13.1.0": {
      "integrity": "sha512-/rFeCpNJQbhSZjGVwO9RFV3xPqbnERS8MmIQzCtD/zl6gpJuV/bMLuN92oG3F7d8oDEHHRrujSXNUr8fpjntKw=="
    },
    "core-js@3.48.0": {
      "integrity": "sha512-zpEHTy1fjTMZCKLHUZoVeylt9XrzaIN2rbPXEt0k+q7JE5CkCZdo6bNq55bn24a69CH7ErAVLKijxJja4fw+UQ==",
      "scripts": true
    },
    "css-select@5.2.2": {
      "integrity": "sha512-TizTzUddG/xYLA3NXodFM0fSbNizXjOKhqiQQwvhlspadZokn1KDy0NZFS0wuEubIYAV5/c1/lAr0TaaFXEXzw==",
      "dependencies": [
        "boolbase",
        "css-what",
        "domhandler",
        "domutils",
        "nth-check"
      ]
    },
    "css-what@6.2.2": {
      "integrity": "sha512-u/O3vwbptzhMs3L1fQE82ZSLHQQfto5gyZzwteVIEyeaY5Fc7R4dapF/BvRoSYFeqfBk4m0V1Vafq5Pjv25wvA=="
    },
    "dom-serializer@2.0.0": {
      "integrity": "sha512-wIkAryiqt/nV5EQKqQpo3SToSOV9J0DnbJqwK7Wv/Trc92zIAYZ4FlMu+JPFW1DfGFt81ZTCGgDEabffXeLyJg==",
      "dependencies": [
        "domelementtype",
        "domhandler",
        "entities"
      ]
    },
    "domelementtype@2.3.0": {
      "integrity": "sha512-OLETBj6w0OsagBwdXnPdN0cnMfF9opN69co+7ZrbfPGrdpPVNBUj02spi6B1N7wChLQiPn4CSH/zJvXw56gmHw=="
    },
    "domhandler@5.0.3": {
      "integrity": "sha512-cgwlv/1iFQiFnU96XXgROh8xTeetsnJiDsTc7TYCLFd9+/WNkIqPTxiM/8pSd8VIrhXGTf1Ny1q1hquVqDJB5w==",
      "dependencies": [
        "domelementtype"
      ]
    },
    "domutils@3.2.2": {
      "integrity": "sha512-6kZKyUajlDuqlHKVX1w7gyslj9MPIXzIFiz/rGu35uC1wMi+kMhQwGhl4lt9unC9Vb9INnY9Z3/ZA3+FhASLaw==",
      "dependencies": [
        "dom-serializer",
        "domelementtype",
        "domhandler"
      ]
    },
    "editorconfig@2.0.1": {
      "integrity": "sha512-jMVc7LbF/M13cSpBiVWGut+qhIyOddIhSXPAntMSboEigGFGaQmBow9ZrVog0VT2K89qm0cyGHa7FRhcOqP8hA==",
      "dependencies": [
        "@one-ini/wasm",
        "commander",
        "minimatch",
        "semver"
      ],
      "bin": true
    },
    "entities@4.5.0": {
      "integrity": "sha512-V0hjH4dGPh9Ao5p0MoRY6BVqtwCjhz6vI5LT8AJ55H+4g9/4vbHx1I54fS0XuclLhDHArPQCiMjDxjaL8fPxhw=="
    },
    "fast-glob@3.3.3": {
      "integrity": "sha512-7MptL8U0cqcFdzIzwOTHoilX9x5BrNqye7Z/LuC7kCMRio1EMSyqRK3BEAUD7sXRq4iT4AzTVuZdhgQ2TCvYLg==",
      "dependencies": [
        "@nodelib/fs.stat",
        "@nodelib/fs.walk",
        "glob-parent",
        "merge2",
        "micromatch"
      ]
    },
    "fastq@1.20.1": {
      "integrity": "sha512-GGToxJ/w1x32s/D2EKND7kTil4n8OVk/9mycTc4VDza13lOvpUZTGX3mFSCtV9ksdGBVzvsyAVLM6mHFThxXxw==",
      "dependencies": [
        "reusify"
      ]
    },
    "fill-range@7.1.1": {
      "integrity": "sha512-YsGpe3WHLK8ZYi4tWDg2Jy3ebRz2rXowDxnld4bkQB00cc/1Zw9AWnC0i9ztDJitivtQvaI9KaLyKrc+hBW0yg==",
      "dependencies": [
        "to-regex-range"
      ]
    },
    "fuzzy-search@3.2.1": {
      "integrity": "sha512-vAcPiyomt1ioKAsAL2uxSABHJ4Ju/e4UeDM+g1OlR0vV4YhLGMNsdLNvZTpEDY4JCSt0E4hASCNM5t2ETtsbyg=="
    },
    "glob-parent@5.1.2": {
      "integrity": "sha512-AOIgSQCepiJYwP3ARnGx+5VnTu2HBYdzbGP45eLw1vr3zB3vZLeyed1sC9hnbcOc9/SrMyM5RPQrkGz4aS9Zow==",
      "dependencies": [
        "is-glob"
      ]
    },
    "he@1.2.0": {
      "integrity": "sha512-F/1DnUGPopORZi0ni+CvrCgHQ5FyEAHRLSApuYWMmrbSwoN2Mn/7k+Gl38gJnR7yyDZk6WLXwiGod1JOWNDKGw==",
      "bin": true
    },
    "is-extglob@2.1.1": {
      "integrity": "sha512-SbKbANkN603Vi4jEZv49LeVJMn4yGwsbzZworEoyEiutsN3nJYdbO36zfhGJ6QEDpOZIFkDtnq5JRxmvl3jsoQ=="
    },
    "is-glob@4.0.3": {
      "integrity": "sha512-xelSayHH36ZgE7ZWhli7pW34hNbNl8Ojv5KVmkJD4hBdD3th8Tfk9vYasLM+mXWOZhFkgZfxhLSnrwRr4elSSg==",
      "dependencies": [
        "is-extglob"
      ]
    },
    "is-number@7.0.0": {
      "integrity": "sha512-41Cifkg6e8TylSpdtTpeLVMqvSBEVzTttHvERD741+pnZ8ANv0004MRL43QKPDlK9cGvNp6NZWZUBlbGXYxxng=="
    },
    "jsonc-parser@3.3.1": {
      "integrity": "sha512-HUgH65KyejrUFPvHFPbqOY0rsFip3Bo5wb4ngvdi1EpCYWUQDC5V+Y7mZws+DLkr4M//zQJoanu1SP+87Dv1oQ=="
    },
    "merge2@1.4.1": {
      "integrity": "sha512-8q7VEgMJW4J8tcfVPy8g09NcQwZdbwFEqhe/WZkoIzjn/3TGDwtOCYtXGxA3O8tPzpczCCDgv+P2P5y00ZJOOg=="
    },
    "micromatch@4.0.8": {
      "integrity": "sha512-PXwfBhYu0hBCPw8Dn0E+WDYb7af3dSLVWKi3HGv84IdF4TyFoC0ysxFd0Goxw7nSv4T/PzEJQxsYsEiFCKo2BA==",
      "dependencies": [
        "braces",
        "picomatch"
      ]
    },
    "minimatch@10.0.1": {
      "integrity": "sha512-ethXTt3SGGR+95gudmqJ1eNhRO7eGEGIgYA9vnPatK4/etz2MEVDno5GMCibdMTuBMyElzIlgxMna3K94XDIDQ==",
      "dependencies": [
        "brace-expansion"
      ]
    },
    "node-fetch@2.7.0": {
      "integrity": "sha512-c4FRfUm/dbcWZ7U+1Wq0AwCyFL+3nt2bEw05wfxSz+DWpWsitgmSgYmy2dQdWyKC1694ELPqMs/YzUSNozLt8A==",
      "dependencies": [
        "whatwg-url"
      ]
    },
    "node-html-parser@6.1.13": {
      "integrity": "sha512-qIsTMOY4C/dAa5Q5vsobRpOOvPfC4pB61UVW2uSwZNUp0QU/jCekTal1vMmbO0DgdHeLUJpv/ARmDqErVxA3Sg==",
      "dependencies": [
        "css-select",
        "he"
      ]
    },
    "nth-check@2.1.1": {
      "integrity": "sha512-lqjrjmaOoAnWfMmBPL+XNnynZh2+swxiX3WUE0s4yEHI6m+AwrK2UZOimIRl3X/4QctVqS8AiZjFqyOGrMXb/w==",
      "dependencies": [
        "boolbase"
      ]
    },
    "picomatch@2.3.1": {
      "integrity": "sha512-JU3teHTNjmE2VCGFzuY8EXzCDVwEqB2a8fsIvwaStHhAWJEeVd1o1QD80CU6+ZdEXXSLbSsuLwJjkCBWqRQUVA=="
    },
    "queue-microtask@1.2.3": {
      "integrity": "sha512-NuaNSa6flKT5JaSYQzJok04JzTL1CA6aGhv5rfLW3PgqA+M2ChpZQnAC8h8i4ZFkBS8X5RqkDBHA7r4hej3K9A=="
    },
    "regenerator-runtime@0.13.11": {
      "integrity": "sha512-kY1AZVr2Ra+t+piVaJ4gxaFaReZVH40AKNo7UCX6W+dEwBo/2oZJzqfuN1qLq1oL45o56cPaTXELwrTh8Fpggg=="
    },
    "request-light@0.7.0": {
      "integrity": "sha512-lMbBMrDoxgsyO+yB3sDcrDuX85yYt7sS8BfQd11jtbW/z5ZWgLZRcEGLsLoYw7I0WSUGQBs8CC8ScIxkTX1+6Q=="
    },
    "reusify@1.1.0": {
      "integrity": "sha512-g6QUff04oZpHs0eG5p83rFLhHeV00ug/Yf9nZM6fLeUrPguBTkTQOdpAWWspMh55TZfVQDPaN3NQJfbVRAxdIw=="
    },
    "run-parallel@1.2.0": {
      "integrity": "sha512-5l4VyZR86LZ/lDxZTR6jqL8AFE2S0IFLMP26AbjsLVADxHdhB/c0GUsH+y39UfCi3dzz8OlQuPmnaJOMoDHQBA==",
      "dependencies": [
        "queue-microtask"
      ]
    },
    "semver@7.7.3": {
      "integrity": "sha512-SdsKMrI9TdgjdweUSR9MweHA4EJ8YxHn8DFaDisvhVlUOe4BF1tLD7GAj0lIqWVl+dPb/rExr0Btby5loQm20Q==",
      "bin": true
    },
    "to-regex-range@5.0.1": {
      "integrity": "sha512-65P7iz6X5yEr1cwcgvQxbbIw7Uk3gOy5dIdtZ4rDveLqhrdJP+Li/Hx6tyK0NEb+2GCyneCMJiGqrADCSNk8sQ==",
      "dependencies": [
        "is-number"
      ]
    },
    "tr46@0.0.3": {
      "integrity": "sha512-N3WMsuqV66lT30CrXNbEjx4GEwlow3v6rr4mCcv6prnfwhS01rkgyFdjPNBYd9br7LpXV1+Emh01fHnq2Gdgrw=="
    },
    "turndown@7.2.0": {
      "integrity": "sha512-eCZGBN4nNNqM9Owkv9HAtWRYfLA4h909E/WGAWWBpmB275ehNhZyk87/Tpvjbp0jjNl9XwCsbe6bm6CqFsgD+A==",
      "dependencies": [
        "@mixmark-io/domino"
      ]
    },
    "typescript@4.9.5": {
      "integrity": "sha512-1FXk9E2Hm+QzZQ7z+McJiHL4NW1F2EzMu9Nq9i3zAaGqibafqYwCVU6WyWAuyQRRzOlxou8xZSyXLEN8oKj24g==",
      "bin": true
    },
    "vscode-css-languageservice@6.3.9": {
      "integrity": "sha512-1tLWfp+TDM5ZuVWht3jmaY5y7O6aZmpeXLoHl5bv1QtRsRKt4xYGRMmdJa5Pqx/FTkgRbsna9R+Gn2xE+evVuA==",
      "dependencies": [
        "@vscode/l10n@0.0.18",
        "vscode-languageserver-textdocument",
        "vscode-languageserver-types@3.17.5",
        "vscode-uri"
      ]
    },
    "vscode-html-languageservice@5.6.1": {
      "integrity": "sha512-5Mrqy5CLfFZUgkyhNZLA1Ye5g12Cb/v6VM7SxUzZUaRKWMDz4md+y26PrfRTSU0/eQAl3XpO9m2og+GGtDMuaA==",
      "dependencies": [
        "@vscode/l10n@0.0.18",
        "vscode-languageserver-textdocument",
        "vscode-languageserver-types@3.17.5",
        "vscode-uri"
      ]
    },
    "vscode-json-languageservice@5.7.1": {
      "integrity": "sha512-sMK2F8p7St0lJCr/4IfbQRoEUDUZRR7Ud0IiSl8I/JtN+m9Gv+FJlNkSAYns2R7Ebm/PKxqUuWYOfBej/rAdBQ==",
      "dependencies": [
        "@vscode/l10n@0.0.18",
        "jsonc-parser",
        "vscode-languageserver-textdocument",
        "vscode-languageserver-types@3.17.5",
        "vscode-uri"
      ]
    },
    "vscode-jsonrpc@8.0.2": {
      "integrity": "sha512-RY7HwI/ydoC1Wwg4gJ3y6LpU9FJRZAUnTYMXthqhFXXu77ErDd/xkREpGuk4MyYkk4a+XDWAMqe0S3KkelYQEQ=="
    },
    "vscode-jsonrpc@9.0.0-next.11": {
      "integrity": "sha512-u6LElQNbSiE9OugEEmrUKwH6+8BpPz2S5MDHvQUqHL//I4Q8GPikKLOUf856UnbLkZdhxaPrExac1lA3XwpIPA=="
    },
    "vscode-langservers-extracted@4.10.0": {
      "integrity": "sha512-EFf9uQI4dAKbzMQFjDvVm1xJq1DXAQvBEuEfPGrK/xzfsL5xWTfIuRr90NgfmqwO+IEt6vLZm9EOj6R66xIifg==",
      "dependencies": [
        "@vscode/l10n@0.0.18",
        "core-js",
        "jsonc-parser",
        "regenerator-runtime",
        "request-light",
        "semver",
        "typescript",
        "vscode-css-languageservice",
        "vscode-html-languageservice",
        "vscode-json-languageservice",
        "vscode-languageserver@10.0.0-next.16",
        "vscode-languageserver-textdocument",
        "vscode-languageserver-types@3.17.5",
        "vscode-markdown-languageservice",
        "vscode-nls",
        "vscode-uri"
      ],
      "bin": true
    },
    "vscode-languageserver-protocol@3.17.2": {
      "integrity": "sha512-8kYisQ3z/SQ2kyjlNeQxbkkTNmVFoQCqkmGrzLH6A9ecPlgTbp3wDTnUNqaUxYr4vlAcloxx8zwy7G5WdguYNg==",
      "dependencies": [
        "vscode-jsonrpc@8.0.2",
        "vscode-languageserver-types@3.17.2"
      ]
    },
    "vscode-languageserver-protocol@3.17.6-next.16": {
      "integrity": "sha512-kQTjXEuyxMbdmmZ3U+Lib3oUl12xEKNc73RtWxPSDS3TFtjVwt98Q1CUzfDA9EUpsA24M46Bl6q3sLe9AUOKyw==",
      "dependencies": [
        "vscode-jsonrpc@9.0.0-next.11",
        "vscode-languageserver-types@3.17.6-next.6"
      ]
    },
    "vscode-languageserver-textdocument@1.0.12": {
      "integrity": "sha512-cxWNPesCnQCcMPeenjKKsOCKQZ/L6Tv19DTRIGuLWe32lyzWhihGVJ/rcckZXJxfdKCFvRLS3fpBIsV/ZGX4zA=="
    },
    "vscode-languageserver-types@3.17.2": {
      "integrity": "sha512-zHhCWatviizPIq9B7Vh9uvrH6x3sK8itC84HkamnBWoDFJtzBf7SWlpLCZUit72b3os45h6RWQNC9xHRDF8dRA=="
    },
    "vscode-languageserver-types@3.17.5": {
      "integrity": "sha512-Ld1VelNuX9pdF39h2Hgaeb5hEZM2Z3jUrrMgWQAu82jMtZp7p3vJT3BzToKtZI7NgQssZje5o0zryOrhQvzQAg=="
    },
    "vscode-languageserver-types@3.17.6-next.6": {
      "integrity": "sha512-aiJY5/yW+xzw7KPNlwi3gQtddq/3EIn5z8X8nCgJfaiAij2R1APKePngv+MUdLdYJBVTLu+Qa0ODsT+pHgYguQ=="
    },
    "vscode-languageserver@10.0.0-next.16": {
      "integrity": "sha512-RbsYDOhddv1NtBCAR7+oVxxCmOpQUHhrtgUE0xz6J+BJGSCkfOqBCyLUIwSjKk2rK9llxUj/pR5aL8QCsXrxow==",
      "dependencies": [
        "vscode-languageserver-protocol@3.17.6-next.16"
      ],
      "bin": true
    },
    "vscode-languageserver@8.0.2": {
      "integrity": "sha512-bpEt2ggPxKzsAOZlXmCJ50bV7VrxwCS5BI4+egUmure/oI/t4OlFzi/YNtVvY24A2UDOZAgwFGgnZPwqSJubkA==",
      "dependencies": [
        "vscode-languageserver-protocol@3.17.2"
      ],
      "bin": true
    },
    "vscode-markdown-languageservice@0.5.0-alpha.11": {
      "integrity": "sha512-P1uBMAD5iylgpcweWCU1kQwk8SZngktnljXsZk1vFPorXv1mrEI7BkBpOUU0fhVssKgvFlCNLkI7KmwZLC7pdA==",
      "dependencies": [
        "@vscode/l10n@0.0.10",
        "node-html-parser",
        "picomatch",
        "vscode-languageserver-protocol@3.17.2",
        "vscode-languageserver-textdocument",
        "vscode-uri"
      ]
    },
    "vscode-nls@5.2.0": {
      "integrity": "sha512-RAaHx7B14ZU04EU31pT+rKz2/zSl7xMsfIZuo8pd+KZO6PXtQmpevpq3vxvWNcrGbdmhM/rr5Uw5Mz+NBfhVng=="
    },
    "vscode-uri@3.1.0": {
      "integrity": "sha512-/BpdSx+yCQGnCvecbyXdxHDkuk55/G3xwnC0GqY4gmQ3j+A+g8kzzgB4Nk/SINjqn6+waqw3EgbVF2QKExkRxQ=="
    },
    "web-tree-sitter@0.24.5": {
      "integrity": "sha512-+J/2VSHN8J47gQUAvF8KDadrfz6uFYVjxoxbKWDoXVsH2u7yLdarCnIURnrMA6uSRkgX3SdmqM5BOoQjPdSh5w=="
    },
    "webidl-conversions@3.0.1": {
      "integrity": "sha512-2JAn3z8AR6rjK8Sm8orRC0h/bcl/DqL7tRPdGZ4I1CjdF+EaMLmYxBHyXuKL849eucPFhvBoxMsflfOb8kxaeQ=="
    },
    "whatwg-url@5.0.0": {
      "integrity": "sha512-saE57nupxk6v3HY35+jzBwYa0rKSy0XR8JSxZPwgLr7ys0IBzhGviA1/TUGJLmSVqs8pb9AnvICXEuOHLprYTw==",
      "dependencies": [
        "tr46",
        "webidl-conversions"
      ]
    },
    "zod@3.24.2": {
      "integrity": "sha512-lY7CDW43ECgW9u1TcT3IoXHflywfVqDYze4waEz812jR/bZ8FHDsl7pFQoSZTz5N+2NqRXs8GBwnAwo3ZNxqhQ=="
    }
  },
  "workspace": {
    "packageJson": {
      "dependencies": [
        "npm:bash-language-server@5.6.0"
      ]
    }
  }
}
